
Microsoft Visual Studio Solution File, Format Version 12.00
# Visual Studio 15
VisualStudioVersion = 15.0.28307.106
MinimumVisualStudioVersion = 10.0.40219.1
Project("{151D2E53-A2C4-4D7D-83FE-D05416EBD58E}") = "Matan_resource_group", "Matan_resource_group\Matan_resource_group.deployproj", "{377FBB12-4A35-4D57-BEBE-806C72391D90}"
EndProject
Global
	GlobalSection(SolutionConfigurationPlatforms) = preSolution
		Debug|Any CPU = Debug|Any CPU
		Release|Any CPU = Release|Any CPU
	EndGlobalSection
	GlobalSection(ProjectConfigurationPlatforms) = postSolution
		{377FBB12-4A35-4D57-BEBE-806C72391D90}.Debug|Any CPU.ActiveCfg = Debug|Any CPU
		{377FBB12-4A35-4D57-BEBE-806C72391D90}.Debug|Any CPU.Build.0 = Debug|Any CPU
		{377FBB12-4A35-4D57-BEBE-806C72391D90}.Release|Any CPU.ActiveCfg = Release|Any CPU
		{377FBB12-4A35-4D57-BEBE-806C72391D90}.Release|Any CPU.Build.0 = Release|Any CPU
	EndGlobalSection
	GlobalSection(SolutionProperties) = preSolution
		HideSolutionNode = FALSE
	EndGlobalSection
	GlobalSection(ExtensibilityGlobals) = postSolution
		SolutionGuid = {5EF9D18A-C965-47E3-9B6B-BCA589639BE9}
	EndGlobalSection
EndGlobal
